
Microsoft Visual Studio Solution File, Format Version 12.00
# Visual Studio Version 17
VisualStudioVersion = 17.1.32319.34
MinimumVisualStudioVersion = 10.0.40219.1
Project("{9A19103F-16F7-4668-BE54-9A1E7A4F7556}") = "Shopper.BlazorServerSide", "Shopper.BlazorServerSide\Shopper.BlazorServerSide.csproj", "{7D8E9034-E56E-4C6D-AED0-20B13FBE35C2}"
EndProject
Project("{9A19103F-16F7-4668-BE54-9A1E7A4F7556}") = "Shopper.ConsoleClient", "Shopper.ConsoleClient\Shopper.ConsoleClient.csproj", "{9854FBC0-9404-4BD0-874F-7E87C2380C1F}"
EndProject
Project("{9A19103F-16F7-4668-BE54-9A1E7A4F7556}") = "Shopper.Domain", "Shopper.Domain\Shopper.Domain.csproj", "{5D8598D8-56D3-460B-8911-554D5C86992E}"
EndProject
Project("{9A19103F-16F7-4668-BE54-9A1E7A4F7556}") = "Shopper.Infrastructure", "Shopper.Infrastructure\Shopper.Infrastructure.csproj", "{77295E82-82FF-4EEC-B86C-7D9B23D7ECF5}"
EndProject
Project("{9A19103F-16F7-4668-BE54-9A1E7A4F7556}") = "Shopper.BlazorWebAssembly", "Shopper.BlazorWebAssembly\Shopper.BlazorWebAssembly.csproj", "{A85916C4-13F5-4FDF-96DB-382E08B03C95}"
EndProject
Project("{9A19103F-16F7-4668-BE54-9A1E7A4F7556}") = "Shopper.Api", "Shopper.Api\Shopper.Api.csproj", "{A46D7B22-C626-461A-9D4F-AF3228639623}"
EndProject
Project("{9A19103F-16F7-4668-BE54-9A1E7A4F7556}") = "Shopper.Blazor.Components", "Shopper.Blazor.Components\Shopper.Blazor.Components.csproj", "{AB7FA804-C3DD-425A-A31E-CB792A20C97C}"
EndProject
Project("{FAE04EC0-301F-11D3-BF4B-00C04F79EFBC}") = "Auth.Api", "Auth.Api\Auth.Api.csproj", "{BF0BA5E1-B592-4258-A744-3F64CD362EEC}"
EndProject
Global
	GlobalSection(SolutionConfigurationPlatforms) = preSolution
		Debug|Any CPU = Debug|Any CPU
		Release|Any CPU = Release|Any CPU
	EndGlobalSection
	GlobalSection(ProjectConfigurationPlatforms) = postSolution
		{7D8E9034-E56E-4C6D-AED0-20B13FBE35C2}.Debug|Any CPU.ActiveCfg = Debug|Any CPU
		{7D8E9034-E56E-4C6D-AED0-20B13FBE35C2}.Debug|Any CPU.Build.0 = Debug|Any CPU
		{7D8E9034-E56E-4C6D-AED0-20B13FBE35C2}.Release|Any CPU.ActiveCfg = Release|Any CPU
		{7D8E9034-E56E-4C6D-AED0-20B13FBE35C2}.Release|Any CPU.Build.0 = Release|Any CPU
		{9854FBC0-9404-4BD0-874F-7E87C2380C1F}.Debug|Any CPU.ActiveCfg = Debug|Any CPU
		{9854FBC0-9404-4BD0-874F-7E87C2380C1F}.Debug|Any CPU.Build.0 = Debug|Any CPU
		{9854FBC0-9404-4BD0-874F-7E87C2380C1F}.Release|Any CPU.ActiveCfg = Release|Any CPU
		{9854FBC0-9404-4BD0-874F-7E87C2380C1F}.Release|Any CPU.Build.0 = Release|Any CPU
		{5D8598D8-56D3-460B-8911-554D5C86992E}.Debug|Any CPU.ActiveCfg = Debug|Any CPU
		{5D8598D8-56D3-460B-8911-554D5C86992E}.Debug|Any CPU.Build.0 = Debug|Any CPU
		{5D8598D8-56D3-460B-8911-554D5C86992E}.Release|Any CPU.ActiveCfg = Release|Any CPU
		{5D8598D8-56D3-460B-8911-554D5C86992E}.Release|Any CPU.Build.0 = Release|Any CPU
		{77295E82-82FF-4EEC-B86C-7D9B23D7ECF5}.Debug|Any CPU.ActiveCfg = Debug|Any CPU
		{77295E82-82FF-4EEC-B86C-7D9B23D7ECF5}.Debug|Any CPU.Build.0 = Debug|Any CPU
		{77295E82-82FF-4EEC-B86C-7D9B23D7ECF5}.Release|Any CPU.ActiveCfg = Release|Any CPU
		{77295E82-82FF-4EEC-B86C-7D9B23D7ECF5}.Release|Any CPU.Build.0 = Release|Any CPU
		{A85916C4-13F5-4FDF-96DB-382E08B03C95}.Debug|Any CPU.ActiveCfg = Debug|Any CPU
		{A85916C4-13F5-4FDF-96DB-382E08B03C95}.Debug|Any CPU.Build.0 = Debug|Any CPU
		{A85916C4-13F5-4FDF-96DB-382E08B03C95}.Release|Any CPU.ActiveCfg = Release|Any CPU
		{A85916C4-13F5-4FDF-96DB-382E08B03C95}.Release|Any CPU.Build.0 = Release|Any CPU
		{A46D7B22-C626-461A-9D4F-AF3228639623}.Debug|Any CPU.ActiveCfg = Debug|Any CPU
		{A46D7B22-C626-461A-9D4F-AF3228639623}.Debug|Any CPU.Build.0 = Debug|Any CPU
		{A46D7B22-C626-461A-9D4F-AF3228639623}.Release|Any CPU.ActiveCfg = Release|Any CPU
		{A46D7B22-C626-461A-9D4F-AF3228639623}.Release|Any CPU.Build.0 = Release|Any CPU
		{AB7FA804-C3DD-425A-A31E-CB792A20C97C}.Debug|Any CPU.ActiveCfg = Debug|Any CPU
		{AB7FA804-C3DD-425A-A31E-CB792A20C97C}.Debug|Any CPU.Build.0 = Debug|Any CPU
		{AB7FA804-C3DD-425A-A31E-CB792A20C97C}.Release|Any CPU.ActiveCfg = Release|Any CPU
		{AB7FA804-C3DD-425A-A31E-CB792A20C97C}.Release|Any CPU.Build.0 = Release|Any CPU
		{BF0BA5E1-B592-4258-A744-3F64CD362EEC}.Debug|Any CPU.ActiveCfg = Debug|Any CPU
		{BF0BA5E1-B592-4258-A744-3F64CD362EEC}.Debug|Any CPU.Build.0 = Debug|Any CPU
		{BF0BA5E1-B592-4258-A744-3F64CD362EEC}.Release|Any CPU.ActiveCfg = Release|Any CPU
		{BF0BA5E1-B592-4258-A744-3F64CD362EEC}.Release|Any CPU.Build.0 = Release|Any CPU
	EndGlobalSection
	GlobalSection(SolutionProperties) = preSolution
		HideSolutionNode = FALSE
	EndGlobalSection
	GlobalSection(ExtensibilityGlobals) = postSolution
		SolutionGuid = {A9CC6B6F-1C90-44E3-B8F8-8BF6D7A6A458}
	EndGlobalSection
EndGlobal
